
Microsoft Visual Studio Solution File, Format Version 12.00
# Visual Studio 15
VisualStudioVersion = 15.0.27004.2006
MinimumVisualStudioVersion = 10.0.40219.1
Project("{2150E333-8FDC-42A3-9474-1A3956D46DE8}") = "src", "src", "{E25F02B1-EB0B-4C4C-B20A-5972ECFF2CF1}"
EndProject
Project("{9A19103F-16F7-4668-BE54-9A1E7A4F7556}") = "AspNetCoreExtReactTemplate", "src\AspNetCoreExtReactTemplate\AspNetCoreExtReactTemplate.csproj", "{12EB3D0A-9E15-48B2-8B88-5699E91EECAC}"
EndProject
Global
	GlobalSection(SolutionConfigurationPlatforms) = preSolution
		Debug|Any CPU = Debug|Any CPU
		Release|Any CPU = Release|Any CPU
	EndGlobalSection
	GlobalSection(ProjectConfigurationPlatforms) = postSolution
		{12EB3D0A-9E15-48B2-8B88-5699E91EECAC}.Debug|Any CPU.ActiveCfg = Debug|Any CPU
		{12EB3D0A-9E15-48B2-8B88-5699E91EECAC}.Debug|Any CPU.Build.0 = Debug|Any CPU
		{12EB3D0A-9E15-48B2-8B88-5699E91EECAC}.Release|Any CPU.ActiveCfg = Release|Any CPU
		{12EB3D0A-9E15-48B2-8B88-5699E91EECAC}.Release|Any CPU.Build.0 = Release|Any CPU
	EndGlobalSection
	GlobalSection(SolutionProperties) = preSolution
		HideSolutionNode = FALSE
	EndGlobalSection
	GlobalSection(NestedProjects) = preSolution
		{12EB3D0A-9E15-48B2-8B88-5699E91EECAC} = {E25F02B1-EB0B-4C4C-B20A-5972ECFF2CF1}
	EndGlobalSection
	GlobalSection(ExtensibilityGlobals) = postSolution
		SolutionGuid = {E90D1BA6-62BA-4C62-B611-07E9A8395275}
	EndGlobalSection
EndGlobal
